// !$*UTF8*$!
{
	archiveVersion = 1;
	classes = {
	};
	objectVersion = 50;
	objects = {

/* Begin PBXBuildFile section */
		6302775921DAEFD90079AF86 /* AppDelegate.swift in Sources */ = {isa = PBXBuildFile; fileRef = 6302775821DAEFD90079AF86 /* AppDelegate.swift */; };
		6302775B21DAEFD90079AF86 /* ViewController.swift in Sources */ = {isa = PBXBuildFile; fileRef = 6302775A21DAEFD90079AF86 /* ViewController.swift */; };
		6302775E21DAEFD90079AF86 /* Main.storyboard in Resources */ = {isa = PBXBuildFile; fileRef = 6302775C21DAEFD90079AF86 /* Main.storyboard */; };
		6302776021DAEFDB0079AF86 /* Assets.xcassets in Resources */ = {isa = PBXBuildFile; fileRef = 6302775F21DAEFDB0079AF86 /* Assets.xcassets */; };
		6302776321DAEFDB0079AF86 /* LaunchScreen.storyboard in Resources */ = {isa = PBXBuildFile; fileRef = 6302776121DAEFDB0079AF86 /* LaunchScreen.storyboard */; };
		6302776E21DAEFDB0079AF86 /* TestTests.swift in Sources */ = {isa = PBXBuildFile; fileRef = 6302776D21DAEFDB0079AF86 /* TestTests.swift */; };
		6302777921DAEFDB0079AF86 /* TestUITests.swift in Sources */ = {isa = PBXBuildFile; fileRef = 6302777821DAEFDB0079AF86 /* TestUITests.swift */; };
/* End PBXBuildFile section */

/* Begin PBXContainerItemProxy section */
		6302776A21DAEFDB0079AF86 /* PBXContainerItemProxy */ = {
			isa = PBXContainerItemProxy;
			containerPortal = 6302774D21DAEFD90079AF86 /* Project object */;
			proxyType = 1;
			remoteGlobalIDString = 6302775421DAEFD90079AF86;
			remoteInfo = Test;
		};
		6302777521DAEFDB0079AF86 /* PBXContainerItemProxy */ = {
			isa = PBXContainerItemProxy;
			containerPortal = 6302774D21DAEFD90079AF86 /* Project object */;
			proxyType = 1;
			remoteGlobalIDString = 6302775421DAEFD90079AF86;
			remoteInfo = Test;
		};
/* End PBXContainerItemProxy section */

/* Begin PBXFileReference section */
		6302775521DAEFD90079AF86 /* Secured Password.app */ = {isa = PBXFileReference; explicitFileType = wrapper.application; includeInIndex = 0; path = "Secured Password.app"; sourceTree = BUILT_PRODUCTS_DIR; };
		6302775821DAEFD90079AF86 /* AppDelegate.swift */ = {isa = PBXFileReference; lastKnownFileType = sourcecode.swift; path = AppDelegate.swift; sourceTree = "<group>"; };
		6302775A21DAEFD90079AF86 /* ViewController.swift */ = {isa = PBXFileReference; lastKnownFileType = sourcecode.swift; path = ViewController.swift; sourceTree = "<group>"; };
		6302775D21DAEFD90079AF86 /* Base */ = {isa = PBXFileReference; lastKnownFileType = file.storyboard; name = Base; path = Base.lproj/Main.storyboard; sourceTree = "<group>"; };
		6302775F21DAEFDB0079AF86 /* Assets.xcassets */ = {isa = PBXFileReference; lastKnownFileType = folder.assetcatalog; path = Assets.xcassets; sourceTree = "<group>"; };
		6302776221DAEFDB0079AF86 /* Base */ = {isa = PBXFileReference; lastKnownFileType = file.storyboard; name = Base; path = Base.lproj/LaunchScreen.storyboard; sourceTree = "<group>"; };
		6302776421DAEFDB0079AF86 /* Info.plist */ = {isa = PBXFileReference; lastKnownFileType = text.plist.xml; path = Info.plist; sourceTree = "<group>"; };
		6302776921DAEFDB0079AF86 /* TestTests.xctest */ = {isa = PBXFileReference; explicitFileType = wrapper.cfbundle; includeInIndex = 0; path = TestTests.xctest; sourceTree = BUILT_PRODUCTS_DIR; };
		6302776D21DAEFDB0079AF86 /* TestTests.swift */ = {isa = PBXFileReference; lastKnownFileType = sourcecode.swift; path = TestTests.swift; sourceTree = "<group>"; };
		6302776F21DAEFDB0079AF86 /* Info.plist */ = {isa = PBXFileReference; lastKnownFileType = text.plist.xml; path = Info.plist; sourceTree = "<group>"; };
		6302777421DAEFDB0079AF86 /* TestUITests.xctest */ = {isa = PBXFileReference; explicitFileType = wrapper.cfbundle; includeInIndex = 0; path = TestUITests.xctest; sourceTree = BUILT_PRODUCTS_DIR; };
		6302777821DAEFDB0079AF86 /* TestUITests.swift */ = {isa = PBXFileReference; lastKnownFileType = sourcecode.swift; path = TestUITests.swift; sourceTree = "<group>"; };
		6302777A21DAEFDB0079AF86 /* Info.plist */ = {isa = PBXFileReference; lastKnownFileType = text.plist.xml; path = Info.plist; sourceTree = "<group>"; };
/* End PBXFileReference section */

/* Begin PBXFrameworksBuildPhase section */
		6302775221DAEFD90079AF86 /* Frameworks */ = {
			isa = PBXFrameworksBuildPhase;
			buildActionMask = 2147483647;
			files = (
			);
			runOnlyForDeploymentPostprocessing = 0;
		};
		6302776621DAEFDB0079AF86 /* Frameworks */ = {
			isa = PBXFrameworksBuildPhase;
			buildActionMask = 2147483647;
			files = (
			);
			runOnlyForDeploymentPostprocessing = 0;
		};
		6302777121DAEFDB0079AF86 /* Frameworks */ = {
			isa = PBXFrameworksBuildPhase;
			buildActionMask = 2147483647;
			files = (
			);
			runOnlyForDeploymentPostprocessing = 0;
		};
/* End PBXFrameworksBuildPhase section */

/* Begin PBXGroup section */
		6302774C21DAEFD90079AF86 = {
			isa = PBXGroup;
			children = (
				6302775721DAEFD90079AF86 /* Test */,
				6302776C21DAEFDB0079AF86 /* TestTests */,
				6302777721DAEFDB0079AF86 /* TestUITests */,
				6302775621DAEFD90079AF86 /* Products */,
			);
			sourceTree = "<group>";
		};
		6302775621DAEFD90079AF86 /* Products */ = {
			isa = PBXGroup;
			children = (
				6302775521DAEFD90079AF86 /* Secured Password.app */,
				6302776921DAEFDB0079AF86 /* TestTests.xctest */,
				6302777421DAEFDB0079AF86 /* TestUITests.xctest */,
			);
			name = Products;
			sourceTree = "<group>";
		};
		6302775721DAEFD90079AF86 /* Test */ = {
			isa = PBXGroup;
			children = (
				6302775821DAEFD90079AF86 /* AppDelegate.swift */,
				6302775A21DAEFD90079AF86 /* ViewController.swift */,
				6302775C21DAEFD90079AF86 /* Main.storyboard */,
				6302775F21DAEFDB0079AF86 /* Assets.xcassets */,
				6302776121DAEFDB0079AF86 /* LaunchScreen.storyboard */,
				6302776421DAEFDB0079AF86 /* Info.plist */,
			);
			path = Test;
			sourceTree = "<group>";
		};
		6302776C21DAEFDB0079AF86 /* TestTests */ = {
			isa = PBXGroup;
			children = (
				6302776D21DAEFDB0079AF86 /* TestTests.swift */,
				6302776F21DAEFDB0079AF86 /* Info.plist */,
			);
			path = TestTests;
			sourceTree = "<group>";
		};
		6302777721DAEFDB0079AF86 /* TestUITests */ = {
			isa = PBXGroup;
			children = (
				6302777821DAEFDB0079AF86 /* TestUITests.swift */,
				6302777A21DAEFDB0079AF86 /* Info.plist */,
			);
			path = TestUITests;
			sourceTree = "<group>";
		};
/* End PBXGroup section */

/* Begin PBXNativeTarget section */
		6302775421DAEFD90079AF86 /* Test */ = {
			isa = PBXNativeTarget;
			buildConfigurationList = 6302777D21DAEFDB0079AF86 /* Build configuration list for PBXNativeTarget "Test" */;
			buildPhases = (
				6302775121DAEFD90079AF86 /* Sources */,
				6302775221DAEFD90079AF86 /* Frameworks */,
				6302775321DAEFD90079AF86 /* Resources */,
			);
			buildRules = (
			);
			dependencies = (
			);
			name = Test;
			productName = Test;
			productReference = 6302775521DAEFD90079AF86 /* Secured Password.app */;
			productType = "com.apple.product-type.application";
		};
		6302776821DAEFDB0079AF86 /* TestTests */ = {
			isa = PBXNativeTarget;
			buildConfigurationList = 6302778021DAEFDB0079AF86 /* Build configuration list for PBXNativeTarget "TestTests" */;
			buildPhases = (
				6302776521DAEFDB0079AF86 /* Sources */,
				6302776621DAEFDB0079AF86 /* Frameworks */,
				6302776721DAEFDB0079AF86 /* Resources */,
			);
			buildRules = (
			);
			dependencies = (
				6302776B21DAEFDB0079AF86 /* PBXTargetDependency */,
			);
			name = TestTests;
			productName = TestTests;
			productReference = 6302776921DAEFDB0079AF86 /* TestTests.xctest */;
			productType = "com.apple.product-type.bundle.unit-test";
		};
		6302777321DAEFDB0079AF86 /* TestUITests */ = {
			isa = PBXNativeTarget;
			buildConfigurationList = 6302778321DAEFDB0079AF86 /* Build configuration list for PBXNativeTarget "TestUITests" */;
			buildPhases = (
				6302777021DAEFDB0079AF86 /* Sources */,
				6302777121DAEFDB0079AF86 /* Frameworks */,
				6302777221DAEFDB0079AF86 /* Resources */,
			);
			buildRules = (
			);
			dependencies = (
				6302777621DAEFDB0079AF86 /* PBXTargetDependency */,
			);
			name = TestUITests;
			productName = TestUITests;
			productReference = 6302777421DAEFDB0079AF86 /* TestUITests.xctest */;
			productType = "com.apple.product-type.bundle.ui-testing";
		};
/* End PBXNativeTarget section */

/* Begin PBXProject section */
		6302774D21DAEFD90079AF86 /* Project object */ = {
			isa = PBXProject;
			attributes = {
				LastSwiftUpdateCheck = 1010;
				LastUpgradeCheck = 1010;
				ORGANIZATIONNAME = "Joshua Shunk";
				TargetAttributes = {
					6302775421DAEFD90079AF86 = {
						CreatedOnToolsVersion = 10.1;
					};
					6302776821DAEFDB0079AF86 = {
						CreatedOnToolsVersion = 10.1;
						TestTargetID = 6302775421DAEFD90079AF86;
					};
					6302777321DAEFDB0079AF86 = {
						CreatedOnToolsVersion = 10.1;
						TestTargetID = 6302775421DAEFD90079AF86;
					};
				};
			};
			buildConfigurationList = 6302775021DAEFD90079AF86 /* Build configuration list for PBXProject "Test" */;
			compatibilityVersion = "Xcode 9.3";
			developmentRegion = en;
			hasScannedForEncodings = 0;
			knownRegions = (
				en,
				Base,
			);
			mainGroup = 6302774C21DAEFD90079AF86;
			productRefGroup = 6302775621DAEFD90079AF86 /* Products */;
			projectDirPath = "";
			projectRoot = "";
			targets = (
				6302775421DAEFD90079AF86 /* Test */,
				6302776821DAEFDB0079AF86 /* TestTests */,
				6302777321DAEFDB0079AF86 /* TestUITests */,
			);
		};
/* End PBXProject section */

/* Begin PBXResourcesBuildPhase section */
		6302775321DAEFD90079AF86 /* Resources */ = {
			isa = PBXResourcesBuildPhase;
			buildActionMask = 2147483647;
			files = (
				6302776321DAEFDB0079AF86 /* LaunchScreen.storyboard in Resources */,
				6302776021DAEFDB0079AF86 /* Assets.xcassets in Resources */,
				6302775E21DAEFD90079AF86 /* Main.storyboard in Resources */,
			);
			runOnlyForDeploymentPostprocessing = 0;
		};
		6302776721DAEFDB0079AF86 /* Resources */ = {
			isa = PBXResourcesBuildPhase;
			buildActionMask = 2147483647;
			files = (
			);
			runOnlyForDeploymentPostprocessing = 0;
		};
		6302777221DAEFDB0079AF86 /* Resources */ = {
			isa = PBXResourcesBuildPhase;
			buildActionMask = 2147483647;
			files = (
			);
			runOnlyForDeploymentPostprocessing = 0;
		};
/* End PBXResourcesBuildPhase section */

/* Begin PBXSourcesBuildPhase section */
		6302775121DAEFD90079AF86 /* Sources */ = {
			isa = PBXSourcesBuildPhase;
			buildActionMask = 2147483647;
			files = (
				6302775B21DAEFD90079AF86 /* ViewController.swift in Sources */,
				6302775921DAEFD90079AF86 /* AppDelegate.swift in Sources */,
			);
			runOnlyForDeploymentPostprocessing = 0;
		};
		6302776521DAEFDB0079AF86 /* Sources */ = {
			isa = PBXSourcesBuildPhase;
			buildActionMask = 2147483647;
			files = (
				6302776E21DAEFDB0079AF86 /* TestTests.swift in Sources */,
			);
			runOnlyForDeploymentPostprocessing = 0;
		};
		6302777021DAEFDB0079AF86 /* Sources */ = {
			isa = PBXSourcesBuildPhase;
			buildActionMask = 2147483647;
			files = (
				6302777921DAEFDB0079AF86 /* TestUITests.swift in Sources */,
			);
			runOnlyForDeploymentPostprocessing = 0;
		};
/* End PBXSourcesBuildPhase section */

/* Begin PBXTargetDependency section */
		6302776B21DAEFDB0079AF86 /* PBXTargetDependency */ = {
			isa = PBXTargetDependency;
			target = 6302775421DAEFD90079AF86 /* Test */;
			targetProxy = 6302776A21DAEFDB0079AF86 /* PBXContainerItemProxy */;
		};
		6302777621DAEFDB0079AF86 /* PBXTargetDependency */ = {
			isa = PBXTargetDependency;
			target = 6302775421DAEFD90079AF86 /* Test */;
			targetProxy = 6302777521DAEFDB0079AF86 /* PBXContainerItemProxy */;
		};
/* End PBXTargetDependency section */

/* Begin PBXVariantGroup section */
		6302775C21DAEFD90079AF86 /* Main.storyboard */ = {
			isa = PBXVariantGroup;
			children = (
				6302775D21DAEFD90079AF86 /* Base */,
			);
			name = Main.storyboard;
			sourceTree = "<group>";
		};
		6302776121DAEFDB0079AF86 /* LaunchScreen.storyboard */ = {
			isa = PBXVariantGroup;
			children = (
				6302776221DAEFDB0079AF86 /* Base */,
			);
			name = LaunchScreen.storyboard;
			sourceTree = "<group>";
		};
/* End PBXVariantGroup section */

/* Begin XCBuildConfiguration section */
		6302777B21DAEFDB0079AF86 /* Debug */ = {
			isa = XCBuildConfiguration;
			buildSettings = {
				ALWAYS_SEARCH_USER_PATHS = NO;
				CLANG_ANALYZER_NONNULL = YES;
				CLANG_ANALYZER_NUMBER_OBJECT_CONVERSION = YES_AGGRESSIVE;
				CLANG_CXX_LANGUAGE_STANDARD = "gnu++14";
				CLANG_CXX_LIBRARY = "libc++";
				CLANG_ENABLE_MODULES = YES;
				CLANG_ENABLE_OBJC_ARC = YES;
				CLANG_ENABLE_OBJC_WEAK = YES;
				CLANG_WARN_BLOCK_CAPTURE_AUTORELEASING = YES;
				CLANG_WARN_BOOL_CONVERSION = YES;
				CLANG_WARN_COMMA = YES;
				CLANG_WARN_CONSTANT_CONVERSION = YES;
				CLANG_WARN_DEPRECATED_OBJC_IMPLEMENTATIONS = YES;
				CLANG_WARN_DIRECT_OBJC_ISA_USAGE = YES_ERROR;
				CLANG_WARN_DOCUMENTATION_COMMENTS = YES;
				CLANG_WARN_EMPTY_BODY = YES;
				CLANG_WARN_ENUM_CONVERSION = YES;
				CLANG_WARN_INFINITE_RECURSION = YES;
				CLANG_WARN_INT_CONVERSION = YES;
				CLANG_WARN_NON_LITERAL_NULL_CONVERSION = YES;
				CLANG_WARN_OBJC_IMPLICIT_RETAIN_SELF = YES;
				CLANG_WARN_OBJC_LITERAL_CONVERSION = YES;
				CLANG_WARN_OBJC_ROOT_CLASS = YES_ERROR;
				CLANG_WARN_RANGE_LOOP_ANALYSIS = YES;
				CLANG_WARN_STRICT_PROTOTYPES = YES;
				CLANG_WARN_SUSPICIOUS_MOVE = YES;
				CLANG_WARN_UNGUARDED_AVAILABILITY = YES_AGGRESSIVE;
				CLANG_WARN_UNREACHABLE_CODE = YES;
				CLANG_WARN__DUPLICATE_METHOD_MATCH = YES;
				CODE_SIGN_IDENTITY = "iPhone Developer";
				COPY_PHASE_STRIP = NO;
				DEBUG_INFORMATION_FORMAT = dwarf;
				ENABLE_STRICT_OBJC_MSGSEND = YES;
				ENABLE_TESTABILITY = YES;
				GCC_C_LANGUAGE_STANDARD = gnu11;
				GCC_DYNAMIC_NO_PIC = NO;
				GCC_NO_COMMON_BLOCKS = YES;
				GCC_OPTIMIZATION_LEVEL = 0;
				GCC_PREPROCESSOR_DEFINITIONS = (
					"DEBUG=1",
					"$(inherited)",
				);
				GCC_WARN_64_TO_32_BIT_CONVERSION = YES;
				GCC_WARN_ABOUT_RETURN_TYPE = YES_ERROR;
				GCC_WARN_UNDECLARED_SELECTOR = YES;
				GCC_WARN_UNINITIALIZED_AUTOS = YES_AGGRESSIVE;
				GCC_WARN_UNUSED_FUNCTION = YES;
				GCC_WARN_UNUSED_VARIABLE = YES;
				IPHONEOS_DEPLOYMENT_TARGET = 12.1;
				MTL_ENABLE_DEBUG_INFO = INCLUDE_SOURCE;
				MTL_FAST_MATH = YES;
				ONLY_ACTIVE_ARCH = YES;
				SDKROOT = iphoneos;
				SWIFT_ACTIVE_COMPILATION_CONDITIONS = DEBUG;
				SWIFT_OPTIMIZATION_LEVEL = "-Onone";
			};
			name = Debug;
		};
		6302777C21DAEFDB0079AF86 /* Release */ = {
			isa = XCBuildConfiguration;
			buildSettings = {
				ALWAYS_SEARCH_USER_PATHS = NO;
				CLANG_ANALYZER_NONNULL = YES;
				CLANG_ANALYZER_NUMBER_OBJECT_CONVERSION = YES_AGGRESSIVE;
				CLANG_CXX_LANGUAGE_STANDARD = "gnu++14";
				CLANG_CXX_LIBRARY = "libc++";
				CLANG_ENABLE_MODULES = YES;
				CLANG_ENABLE_OBJC_ARC = YES;
				CLANG_ENABLE_OBJC_WEAK = YES;
				CLANG_WARN_BLOCK_CAPTURE_AUTORELEASING = YES;
				CLANG_WARN_BOOL_CONVERSION = YES;
				CLANG_WARN_COMMA = YES;
				CLANG_WARN_CONSTANT_CONVERSION = YES;
				CLANG_WARN_DEPRECATED_OBJC_IMPLEMENTATIONS = YES;
				CLANG_WARN_DIRECT_OBJC_ISA_USAGE = YES_ERROR;
				CLANG_WARN_DOCUMENTATION_COMMENTS = YES;
				CLANG_WARN_EMPTY_BODY = YES;
				CLANG_WARN_ENUM_CONVERSION = YES;
				CLANG_WARN_INFINITE_RECURSION = YES;
				CLANG_WARN_INT_CONVERSION = YES;
				CLANG_WARN_NON_LITERAL_NULL_CONVERSION = YES;
				CLANG_WARN_OBJC_IMPLICIT_RETAIN_SELF = YES;
				CLANG_WARN_OBJC_LITERAL_CONVERSION = YES;
				CLANG_WARN_OBJC_ROOT_CLASS = YES_ERROR;
				CLANG_WARN_RANGE_LOOP_ANALYSIS = YES;
				CLANG_WARN_STRICT_PROTOTYPES = YES;
				CLANG_WARN_SUSPICIOUS_MOVE = YES;
				CLANG_WARN_UNGUARDED_AVAILABILITY = YES_AGGRESSIVE;
				CLANG_WARN_UNREACHABLE_CODE = YES;
				CLANG_WARN__DUPLICATE_METHOD_MATCH = YES;
				CODE_SIGN_IDENTITY = "iPhone Developer";
				COPY_PHASE_STRIP = NO;
				DEBUG_INFORMATION_FORMAT = "dwarf-with-dsym";
				ENABLE_NS_ASSERTIONS = NO;
				ENABLE_STRICT_OBJC_MSGSEND = YES;
				GCC_C_LANGUAGE_STANDARD = gnu11;
				GCC_NO_COMMON_BLOCKS = YES;
				GCC_WARN_64_TO_32_BIT_CONVERSION = YES;
				GCC_WARN_ABOUT_RETURN_TYPE = YES_ERROR;
				GCC_WARN_UNDECLARED_SELECTOR = YES;
				GCC_WARN_UNINITIALIZED_AUTOS = YES_AGGRESSIVE;
				GCC_WARN_UNUSED_FUNCTION = YES;
				GCC_WARN_UNUSED_VARIABLE = YES;
				IPHONEOS_DEPLOYMENT_TARGET = 12.1;
				MTL_ENABLE_DEBUG_INFO = NO;
				MTL_FAST_MATH = YES;
				SDKROOT = iphoneos;
				SWIFT_COMPILATION_MODE = wholemodule;
				SWIFT_OPTIMIZATION_LEVEL = "-O";
				VALIDATE_PRODUCT = YES;
			};
			name = Release;
		};
		6302777E21DAEFDB0079AF86 /* Debug */ = {
			isa = XCBuildConfiguration;
			buildSettings = {
				ASSETCATALOG_COMPILER_APPICON_NAME = AppIcon;
				CODE_SIGN_STYLE = Automatic;
				DEVELOPMENT_TEAM = 37Z9DZBAMQ;
				INFOPLIST_FILE = Test/Info.plist;
				LD_RUNPATH_SEARCH_PATHS = (
					"$(inherited)",
					"@executable_path/Frameworks",
				);
				MARKETING_VERSION = 1.0.1;
				PRODUCT_BUNDLE_IDENTIFIER = com.quadrantapps.securedpassword;
				PRODUCT_NAME = "Secured Password";
				SWIFT_VERSION = 4.2;
				TARGETED_DEVICE_FAMILY = "1,2";
			};
			name = Debug;
		};
		6302777F21DAEFDB0079AF86 /* Release */ = {
			isa = XCBuildConfiguration;
			buildSettings = {
				ASSETCATALOG_COMPILER_APPICON_NAME = AppIcon;
				CODE_SIGN_IDENTITY = "Apple Development";
				CODE_SIGN_STYLE = Automatic;
				DEVELOPMENT_TEAM = 37Z9DZBAMQ;
				INFOPLIST_FILE = Test/Info.plist;
				LD_RUNPATH_SEARCH_PATHS = (
					"$(inherited)",
					"@executable_path/Frameworks",
				);
				MARKETING_VERSION = 1.0.1;
				PRODUCT_BUNDLE_IDENTIFIER = com.quadrantapps.securedpassword;
				PRODUCT_NAME = "Secured Password";
				PROVISIONING_PROFILE_SPECIFIER = "";
				SWIFT_VERSION = 4.2;
				TARGETED_DEVICE_FAMILY = "1,2";
			};
			name = Release;
		};
		6302778121DAEFDB0079AF86 /* Debug */ = {
			isa = XCBuildConfiguration;
			buildSettings = {
				ALWAYS_EMBED_SWIFT_STANDARD_LIBRARIES = YES;
				BUNDLE_LOADER = "$(TEST_HOST)";
				"CODE_SIGN_IDENTITY[sdk=macosx*]" = "-";
				CODE_SIGN_STYLE = Automatic;
				DEVELOPMENT_TEAM = 37Z9DZBAMQ;
				INFOPLIST_FILE = TestTests/Info.plist;
				LD_RUNPATH_SEARCH_PATHS = (
					"$(inherited)",
					"@executable_path/Frameworks",
					"@loader_path/Frameworks",
				);
				PRODUCT_BUNDLE_IDENTIFIER = h.TestTests;
				PRODUCT_NAME = "$(TARGET_NAME)";
				SWIFT_VERSION = 4.2;
				TARGETED_DEVICE_FAMILY = "1,2";
				TEST_HOST = "$(BUILT_PRODUCTS_DIR)/Secured Password.app/Secured Password";
			};
			name = Debug;
		};
		6302778221DAEFDB0079AF86 /* Release */ = {
			isa = XCBuildConfiguration;
			buildSettings = {
				ALWAYS_EMBED_SWIFT_STANDARD_LIBRARIES = YES;
				BUNDLE_LOADER = "$(TEST_HOST)";
				"CODE_SIGN_IDENTITY[sdk=macosx*]" = "-";
				CODE_SIGN_STYLE = Automatic;
				DEVELOPMENT_TEAM = 37Z9DZBAMQ;
				INFOPLIST_FILE = TestTests/Info.plist;
				LD_RUNPATH_SEARCH_PATHS = (
					"$(inherited)",
					"@executable_path/Frameworks",
					"@loader_path/Frameworks",
				);
				PRODUCT_BUNDLE_IDENTIFIER = h.TestTests;
				PRODUCT_NAME = "$(TARGET_NAME)";
				SWIFT_VERSION = 4.2;
				TARGETED_DEVICE_FAMILY = "1,2";
				TEST_HOST = "$(BUILT_PRODUCTS_DIR)/Secured Password.app/Secured Password";
			};
			name = Release;
		};
		6302778421DAEFDB0079AF86 /* Debug */ = {
			isa = XCBuildConfiguration;
			buildSettings = {
				ALWAYS_EMBED_SWIFT_STANDARD_LIBRARIES = YES;
				"CODE_SIGN_IDENTITY[sdk=macosx*]" = "-";
				CODE_SIGN_STYLE = Automatic;
				DEVELOPMENT_TEAM = 37Z9DZBAMQ;
				INFOPLIST_FILE = TestUITests/Info.plist;
				LD_RUNPATH_SEARCH_PATHS = (
					"$(inherited)",
					"@executable_path/Frameworks",
					"@loader_path/Frameworks",
				);
				PRODUCT_BUNDLE_IDENTIFIER = h.TestUITests;
				PRODUCT_NAME = "$(TARGET_NAME)";
				SWIFT_VERSION = 4.2;
				TARGETED_DEVICE_FAMILY = "1,2";
				TEST_TARGET_NAME = Test;
			};
			name = Debug;
		};
		6302778521DAEFDB0079AF86 /* Release */ = {
			isa = XCBuildConfiguration;
			buildSettings = {
				ALWAYS_EMBED_SWIFT_STANDARD_LIBRARIES = YES;
				"CODE_SIGN_IDENTITY[sdk=macosx*]" = "-";
				CODE_SIGN_STYLE = Automatic;
				DEVELOPMENT_TEAM = 37Z9DZBAMQ;
				INFOPLIST_FILE = TestUITests/Info.plist;
				LD_RUNPATH_SEARCH_PATHS = (
					"$(inherited)",
					"@executable_path/Frameworks",
					"@loader_path/Frameworks",
				);
				PRODUCT_BUNDLE_IDENTIFIER = h.TestUITests;
				PRODUCT_NAME = "$(TARGET_NAME)";
				SWIFT_VERSION = 4.2;
				TARGETED_DEVICE_FAMILY = "1,2";
				TEST_TARGET_NAME = Test;
			};
			name = Release;
		};
/* End XCBuildConfiguration section */

/* Begin XCConfigurationList section */
		6302775021DAEFD90079AF86 /* Build configuration list for PBXProject "Test" */ = {
			isa = XCConfigurationList;
			buildConfigurations = (
				6302777B21DAEFDB0079AF86 /* Debug */,
				6302777C21DAEFDB0079AF86 /* Release */,
			);
			defaultConfigurationIsVisible = 0;
			defaultConfigurationName = Release;
		};
		6302777D21DAEFDB0079AF86 /* Build configuration list for PBXNativeTarget "Test" */ = {
			isa = XCConfigurationList;
			buildConfigurations = (
				6302777E21DAEFDB0079AF86 /* Debug */,
				6302777F21DAEFDB0079AF86 /* Release */,
			);
			defaultConfigurationIsVisible = 0;
			defaultConfigurationName = Release;
		};
		6302778021DAEFDB0079AF86 /* Build configuration list for PBXNativeTarget "TestTests" */ = {
			isa = XCConfigurationList;
			buildConfigurations = (
				6302778121DAEFDB0079AF86 /* Debug */,
				6302778221DAEFDB0079AF86 /* Release */,
			);
			defaultConfigurationIsVisible = 0;
			defaultConfigurationName = Release;
		};
		6302778321DAEFDB0079AF86 /* Build configuration list for PBXNativeTarget "TestUITests" */ = {
			isa = XCConfigurationList;
			buildConfigurations = (
				6302778421DAEFDB0079AF86 /* Debug */,
				6302778521DAEFDB0079AF86 /* Release */,
			);
			defaultConfigurationIsVisible = 0;
			defaultConfigurationName = Release;
		};
/* End XCConfigurationList section */
	};
	rootObject = 6302774D21DAEFD90079AF86 /* Project object */;
}
